
Microsoft Visual Studio Solution File, Format Version 12.00
# Visual Studio 15
VisualStudioVersion = 15.0.28307.1209
MinimumVisualStudioVersion = 10.0.40219.1
Project("{FAE04EC0-301F-11D3-BF4B-00C04F79EFBC}") = "sssss", "sssss\sssss.csproj", "{CBD67CDB-F224-4C0E-8D87-0F4BD6D7AAFE}"
EndProject
Global
	GlobalSection(SolutionConfigurationPlatforms) = preSolution
		Debug|Any CPU = Debug|Any CPU
		Release|Any CPU = Release|Any CPU
	EndGlobalSection
	GlobalSection(ProjectConfigurationPlatforms) = postSolution
		{CBD67CDB-F224-4C0E-8D87-0F4BD6D7AAFE}.Debug|Any CPU.ActiveCfg = Debug|Any CPU
		{CBD67CDB-F224-4C0E-8D87-0F4BD6D7AAFE}.Debug|Any CPU.Build.0 = Debug|Any CPU
		{CBD67CDB-F224-4C0E-8D87-0F4BD6D7AAFE}.Release|Any CPU.ActiveCfg = Release|Any CPU
		{CBD67CDB-F224-4C0E-8D87-0F4BD6D7AAFE}.Release|Any CPU.Build.0 = Release|Any CPU
	EndGlobalSection
	GlobalSection(SolutionProperties) = preSolution
		HideSolutionNode = FALSE
	EndGlobalSection
	GlobalSection(ExtensibilityGlobals) = postSolution
		SolutionGuid = {C815CF70-3EE8-4EC1-B21C-170F461FDD24}
	EndGlobalSection
EndGlobal
